
Microsoft Visual Studio Solution File, Format Version 12.00
# Visual Studio 15
VisualStudioVersion = 15.0.26730.10
MinimumVisualStudioVersion = 10.0.40219.1
Project("{FAE04EC0-301F-11D3-BF4B-00C04F79EFBC}") = "Camping Spot Application", "Camping Spot Application\Camping Spot Application.csproj", "{D81B036D-99F3-4064-91F7-9EF5810F3DBD}"
EndProject
Global
	GlobalSection(SolutionConfigurationPlatforms) = preSolution
		Debug|Any CPU = Debug|Any CPU
		Release|Any CPU = Release|Any CPU
	EndGlobalSection
	GlobalSection(ProjectConfigurationPlatforms) = postSolution
		{D81B036D-99F3-4064-91F7-9EF5810F3DBD}.Debug|Any CPU.ActiveCfg = Debug|Any CPU
		{D81B036D-99F3-4064-91F7-9EF5810F3DBD}.Debug|Any CPU.Build.0 = Debug|Any CPU
		{D81B036D-99F3-4064-91F7-9EF5810F3DBD}.Release|Any CPU.ActiveCfg = Release|Any CPU
		{D81B036D-99F3-4064-91F7-9EF5810F3DBD}.Release|Any CPU.Build.0 = Release|Any CPU
	EndGlobalSection
	GlobalSection(SolutionProperties) = preSolution
		HideSolutionNode = FALSE
	EndGlobalSection
	GlobalSection(ExtensibilityGlobals) = postSolution
		SolutionGuid = {E19F76D6-E86A-49AC-AADF-8B9182853D8C}
	EndGlobalSection
EndGlobal
